{
  "name": "dev",
  "version": "1.0.0",
  "lockfileVersion": 1,
  "requires": true,
  "dependencies": {
    "xyz-affair": {
      "version": "0.9.1",
      "resolved": "https://registry.npmjs.org/xyz-affair/-/xyz-affair-0.9.1.tgz",
      "integrity": "sha1-LkcSFivn67wYo9eZ12bq5GNZMw8="
    }
  }
}
